<?xml version="1.0" encoding="utf-8"?>
<Project ToolsVersion="4.0" xmlns="http://schemas.microsoft.com/developer/msbuild/2003">
  <ItemGroup>
    <Filter Include="Header Files">
      <UniqueIdentifier>{93995380-89BD-4b04-88EB-625FBE52EBFB}</UniqueIdentifier>
      <Extensions>h;hh;hpp;hxx;h++;hm;inl;inc;ipp;xsd</Extensions>
    </Filter>
    <Filter Include="Source Files">
      <UniqueIdentifier>{4FC737F1-C7A5-4376-A066-2A32D752A2FF}</UniqueIdentifier>
      <Extensions>cpp;c;cc;cxx;c++;cppm;ixx;def;odl;idl;hpj;bat;asm;asmx</Extensions>
    </Filter>
    <Filter Include="Platform">
      <UniqueIdentifier>{3931a945-fd4e-48aa-9be1-dd6601b79817}</UniqueIdentifier>
    </Filter>
  </ItemGroup>
  <ItemGroup>
    <ClCompile Include="..\Main.c">
      <Filter>Source Files</Filter>
    </ClCompile>
    <ClCompile Include="..\PalCommon.c">
      <Filter>Source Files</Filter>
    </ClCompile>
    <ClCompile Include="..\Util.c">
      <Filter>Source Files</Filter>
    </ClCompile>
    <ClCompile Include="..\PalUtil.c">
      <Filter>Source Files</Filter>
    </ClCompile>
    <ClCompile Include="Win32.cpp">
      <Filter>Platform</Filter>
    </ClCompile>
    <ClCompile Include="..\YJ_1.c">
      <Filter>Source Files</Filter>
    </ClCompile>
    <ClCompile Include="..\YJ_2.c">
      <Filter>Source Files</Filter>
    </ClCompile>
    <ClCompile Include="..\Global.c">
      <Filter>Source Files</Filter>
    </ClCompile>
  </ItemGroup>
  <ItemGroup>
    <ClInclude Include="..\Main.h">
      <Filter>Header Files</Filter>
    </ClInclude>
    <ClInclude Include="..\Common.h">
      <Filter>Header Files</Filter>
    </ClInclude>
    <ClInclude Include="..\PalCommon.h">
      <Filter>Header Files</Filter>
    </ClInclude>
    <ClInclude Include="..\Util.h">
      <Filter>Header Files</Filter>
    </ClInclude>
    <ClInclude Include="..\PalUtil.h">
      <Filter>Header Files</Filter>
    </ClInclude>
    <ClInclude Include="pal_config.h">
      <Filter>Platform</Filter>
    </ClInclude>
    <ClInclude Include="..\Global.h">
      <Filter>Header Files</Filter>
    </ClInclude>
  </ItemGroup>
</Project>